
Microsoft Visual Studio Solution File, Format Version 12.00
# Visual Studio Version 16
VisualStudioVersion = 16.0.31105.61
MinimumVisualStudioVersion = 10.0.40219.1
Project("{FAE04EC0-301F-11D3-BF4B-00C04F79EFBC}") = "Exercise 1-9", "Exercise 1-9\Exercise 1-9.csproj", "{C6F3FA9A-E6F6-4DBE-8112-1F3C74FE7C0C}"
EndProject
Global
	GlobalSection(SolutionConfigurationPlatforms) = preSolution
		Debug|Any CPU = Debug|Any CPU
		Release|Any CPU = Release|Any CPU
	EndGlobalSection
	GlobalSection(ProjectConfigurationPlatforms) = postSolution
		{C6F3FA9A-E6F6-4DBE-8112-1F3C74FE7C0C}.Debug|Any CPU.ActiveCfg = Debug|Any CPU
		{C6F3FA9A-E6F6-4DBE-8112-1F3C74FE7C0C}.Debug|Any CPU.Build.0 = Debug|Any CPU
		{C6F3FA9A-E6F6-4DBE-8112-1F3C74FE7C0C}.Release|Any CPU.ActiveCfg = Release|Any CPU
		{C6F3FA9A-E6F6-4DBE-8112-1F3C74FE7C0C}.Release|Any CPU.Build.0 = Release|Any CPU
	EndGlobalSection
	GlobalSection(SolutionProperties) = preSolution
		HideSolutionNode = FALSE
	EndGlobalSection
	GlobalSection(ExtensibilityGlobals) = postSolution
		SolutionGuid = {F63F9FB0-1E43-48DD-979C-7CA6D40BD0F7}
	EndGlobalSection
EndGlobal
