
Microsoft Visual Studio Solution File, Format Version 12.00
# Visual Studio Version 16
VisualStudioVersion = 16.0.31105.61
MinimumVisualStudioVersion = 10.0.40219.1
Project("{FAE04EC0-301F-11D3-BF4B-00C04F79EFBC}") = "Exercise 7-5", "Exercise 7-5\Exercise 7-5.csproj", "{3D7DAFD3-2D74-4DE4-8E8C-CDD4E82B5173}"
EndProject
Global
	GlobalSection(SolutionConfigurationPlatforms) = preSolution
		Debug|Any CPU = Debug|Any CPU
		Release|Any CPU = Release|Any CPU
	EndGlobalSection
	GlobalSection(ProjectConfigurationPlatforms) = postSolution
		{3D7DAFD3-2D74-4DE4-8E8C-CDD4E82B5173}.Debug|Any CPU.ActiveCfg = Debug|Any CPU
		{3D7DAFD3-2D74-4DE4-8E8C-CDD4E82B5173}.Debug|Any CPU.Build.0 = Debug|Any CPU
		{3D7DAFD3-2D74-4DE4-8E8C-CDD4E82B5173}.Release|Any CPU.ActiveCfg = Release|Any CPU
		{3D7DAFD3-2D74-4DE4-8E8C-CDD4E82B5173}.Release|Any CPU.Build.0 = Release|Any CPU
	EndGlobalSection
	GlobalSection(SolutionProperties) = preSolution
		HideSolutionNode = FALSE
	EndGlobalSection
	GlobalSection(ExtensibilityGlobals) = postSolution
		SolutionGuid = {DC70E06C-BF95-4687-9672-17CE1233CFCC}
	EndGlobalSection
EndGlobal
