
Microsoft Visual Studio Solution File, Format Version 12.00
# Visual Studio Version 16
VisualStudioVersion = 16.0.31105.61
MinimumVisualStudioVersion = 10.0.40219.1
Project("{FAE04EC0-301F-11D3-BF4B-00C04F79EFBC}") = "Exercise 6-5", "Exercise 6-5\Exercise 6-5.csproj", "{25E3D7BA-5983-4973-B3A7-15160C02129E}"
EndProject
Global
	GlobalSection(SolutionConfigurationPlatforms) = preSolution
		Debug|Any CPU = Debug|Any CPU
		Release|Any CPU = Release|Any CPU
	EndGlobalSection
	GlobalSection(ProjectConfigurationPlatforms) = postSolution
		{25E3D7BA-5983-4973-B3A7-15160C02129E}.Debug|Any CPU.ActiveCfg = Debug|Any CPU
		{25E3D7BA-5983-4973-B3A7-15160C02129E}.Debug|Any CPU.Build.0 = Debug|Any CPU
		{25E3D7BA-5983-4973-B3A7-15160C02129E}.Release|Any CPU.ActiveCfg = Release|Any CPU
		{25E3D7BA-5983-4973-B3A7-15160C02129E}.Release|Any CPU.Build.0 = Release|Any CPU
	EndGlobalSection
	GlobalSection(SolutionProperties) = preSolution
		HideSolutionNode = FALSE
	EndGlobalSection
	GlobalSection(ExtensibilityGlobals) = postSolution
		SolutionGuid = {5384B077-6321-4B45-8F48-AE08947208CC}
	EndGlobalSection
EndGlobal
