
Microsoft Visual Studio Solution File, Format Version 12.00
# Visual Studio Version 16
VisualStudioVersion = 16.0.31105.61
MinimumVisualStudioVersion = 10.0.40219.1
Project("{FAE04EC0-301F-11D3-BF4B-00C04F79EFBC}") = "Exersice 2-16", "Exersice 2-16\Exersice 2-16.csproj", "{10362B15-EA17-4155-9768-3992D2CF8C92}"
EndProject
Global
	GlobalSection(SolutionConfigurationPlatforms) = preSolution
		Debug|Any CPU = Debug|Any CPU
		Release|Any CPU = Release|Any CPU
	EndGlobalSection
	GlobalSection(ProjectConfigurationPlatforms) = postSolution
		{10362B15-EA17-4155-9768-3992D2CF8C92}.Debug|Any CPU.ActiveCfg = Debug|Any CPU
		{10362B15-EA17-4155-9768-3992D2CF8C92}.Debug|Any CPU.Build.0 = Debug|Any CPU
		{10362B15-EA17-4155-9768-3992D2CF8C92}.Release|Any CPU.ActiveCfg = Release|Any CPU
		{10362B15-EA17-4155-9768-3992D2CF8C92}.Release|Any CPU.Build.0 = Release|Any CPU
	EndGlobalSection
	GlobalSection(SolutionProperties) = preSolution
		HideSolutionNode = FALSE
	EndGlobalSection
	GlobalSection(ExtensibilityGlobals) = postSolution
		SolutionGuid = {6D7A9396-E151-4D00-ADA6-B4C24340ED91}
	EndGlobalSection
EndGlobal
