
Microsoft Visual Studio Solution File, Format Version 12.00
# Visual Studio Version 16
VisualStudioVersion = 16.0.31105.61
MinimumVisualStudioVersion = 10.0.40219.1
Project("{FAE04EC0-301F-11D3-BF4B-00C04F79EFBC}") = "Exercise 5-15", "Exercise 5-15\Exercise 5-15.csproj", "{D68851F3-5504-44CD-8F76-39312C1B5513}"
EndProject
Global
	GlobalSection(SolutionConfigurationPlatforms) = preSolution
		Debug|Any CPU = Debug|Any CPU
		Release|Any CPU = Release|Any CPU
	EndGlobalSection
	GlobalSection(ProjectConfigurationPlatforms) = postSolution
		{D68851F3-5504-44CD-8F76-39312C1B5513}.Debug|Any CPU.ActiveCfg = Debug|Any CPU
		{D68851F3-5504-44CD-8F76-39312C1B5513}.Debug|Any CPU.Build.0 = Debug|Any CPU
		{D68851F3-5504-44CD-8F76-39312C1B5513}.Release|Any CPU.ActiveCfg = Release|Any CPU
		{D68851F3-5504-44CD-8F76-39312C1B5513}.Release|Any CPU.Build.0 = Release|Any CPU
	EndGlobalSection
	GlobalSection(SolutionProperties) = preSolution
		HideSolutionNode = FALSE
	EndGlobalSection
	GlobalSection(ExtensibilityGlobals) = postSolution
		SolutionGuid = {9444F461-5C51-493C-BA0B-87E3A077ECF9}
	EndGlobalSection
EndGlobal
