
Microsoft Visual Studio Solution File, Format Version 12.00
# Visual Studio Version 16
VisualStudioVersion = 16.0.31105.61
MinimumVisualStudioVersion = 10.0.40219.1
Project("{FAE04EC0-301F-11D3-BF4B-00C04F79EFBC}") = "Exercise 9-7", "Exercise 9-7\Exercise 9-7.csproj", "{87779585-85CB-4DA6-A3C8-B8E89380874E}"
EndProject
Global
	GlobalSection(SolutionConfigurationPlatforms) = preSolution
		Debug|Any CPU = Debug|Any CPU
		Release|Any CPU = Release|Any CPU
	EndGlobalSection
	GlobalSection(ProjectConfigurationPlatforms) = postSolution
		{87779585-85CB-4DA6-A3C8-B8E89380874E}.Debug|Any CPU.ActiveCfg = Debug|Any CPU
		{87779585-85CB-4DA6-A3C8-B8E89380874E}.Debug|Any CPU.Build.0 = Debug|Any CPU
		{87779585-85CB-4DA6-A3C8-B8E89380874E}.Release|Any CPU.ActiveCfg = Release|Any CPU
		{87779585-85CB-4DA6-A3C8-B8E89380874E}.Release|Any CPU.Build.0 = Release|Any CPU
	EndGlobalSection
	GlobalSection(SolutionProperties) = preSolution
		HideSolutionNode = FALSE
	EndGlobalSection
	GlobalSection(ExtensibilityGlobals) = postSolution
		SolutionGuid = {15A558D1-7711-4FD7-8E9B-7BE9756B72FC}
	EndGlobalSection
EndGlobal
