
Microsoft Visual Studio Solution File, Format Version 12.00
# Visual Studio Version 16
VisualStudioVersion = 16.0.31105.61
MinimumVisualStudioVersion = 10.0.40219.1
Project("{FAE04EC0-301F-11D3-BF4B-00C04F79EFBC}") = "Exercise 9-10A", "Exercise 9-10A\Exercise 9-10A.csproj", "{42B3AE67-3E35-4C6B-B165-1DE646657F66}"
EndProject
Global
	GlobalSection(SolutionConfigurationPlatforms) = preSolution
		Debug|Any CPU = Debug|Any CPU
		Release|Any CPU = Release|Any CPU
	EndGlobalSection
	GlobalSection(ProjectConfigurationPlatforms) = postSolution
		{42B3AE67-3E35-4C6B-B165-1DE646657F66}.Debug|Any CPU.ActiveCfg = Debug|Any CPU
		{42B3AE67-3E35-4C6B-B165-1DE646657F66}.Debug|Any CPU.Build.0 = Debug|Any CPU
		{42B3AE67-3E35-4C6B-B165-1DE646657F66}.Release|Any CPU.ActiveCfg = Release|Any CPU
		{42B3AE67-3E35-4C6B-B165-1DE646657F66}.Release|Any CPU.Build.0 = Release|Any CPU
	EndGlobalSection
	GlobalSection(SolutionProperties) = preSolution
		HideSolutionNode = FALSE
	EndGlobalSection
	GlobalSection(ExtensibilityGlobals) = postSolution
		SolutionGuid = {A7C9CAB4-7BD7-415E-B434-6F2DB852B822}
	EndGlobalSection
EndGlobal
