
Microsoft Visual Studio Solution File, Format Version 12.00
# Visual Studio Version 16
VisualStudioVersion = 16.0.31105.61
MinimumVisualStudioVersion = 10.0.40219.1
Project("{FAE04EC0-301F-11D3-BF4B-00C04F79EFBC}") = "Exercise 1-6", "Exercise 1-6\Exercise 1-6.csproj", "{82BFC4A4-2E8C-4F43-8ABE-FC739AA59952}"
EndProject
Global
	GlobalSection(SolutionConfigurationPlatforms) = preSolution
		Debug|Any CPU = Debug|Any CPU
		Release|Any CPU = Release|Any CPU
	EndGlobalSection
	GlobalSection(ProjectConfigurationPlatforms) = postSolution
		{82BFC4A4-2E8C-4F43-8ABE-FC739AA59952}.Debug|Any CPU.ActiveCfg = Debug|Any CPU
		{82BFC4A4-2E8C-4F43-8ABE-FC739AA59952}.Debug|Any CPU.Build.0 = Debug|Any CPU
		{82BFC4A4-2E8C-4F43-8ABE-FC739AA59952}.Release|Any CPU.ActiveCfg = Release|Any CPU
		{82BFC4A4-2E8C-4F43-8ABE-FC739AA59952}.Release|Any CPU.Build.0 = Release|Any CPU
	EndGlobalSection
	GlobalSection(SolutionProperties) = preSolution
		HideSolutionNode = FALSE
	EndGlobalSection
	GlobalSection(ExtensibilityGlobals) = postSolution
		SolutionGuid = {64A1BF00-4811-4178-B611-447216502E6C}
	EndGlobalSection
EndGlobal
