
Microsoft Visual Studio Solution File, Format Version 12.00
# Visual Studio Version 16
VisualStudioVersion = 16.0.31105.61
MinimumVisualStudioVersion = 10.0.40219.1
Project("{FAE04EC0-301F-11D3-BF4B-00C04F79EFBC}") = "Exercise 10-1", "Exercise 10-1\Exercise 10-1.csproj", "{0D50E78B-0C5F-4125-81D0-D3BF8C0F69BC}"
EndProject
Global
	GlobalSection(SolutionConfigurationPlatforms) = preSolution
		Debug|Any CPU = Debug|Any CPU
		Release|Any CPU = Release|Any CPU
	EndGlobalSection
	GlobalSection(ProjectConfigurationPlatforms) = postSolution
		{0D50E78B-0C5F-4125-81D0-D3BF8C0F69BC}.Debug|Any CPU.ActiveCfg = Debug|Any CPU
		{0D50E78B-0C5F-4125-81D0-D3BF8C0F69BC}.Debug|Any CPU.Build.0 = Debug|Any CPU
		{0D50E78B-0C5F-4125-81D0-D3BF8C0F69BC}.Release|Any CPU.ActiveCfg = Release|Any CPU
		{0D50E78B-0C5F-4125-81D0-D3BF8C0F69BC}.Release|Any CPU.Build.0 = Release|Any CPU
	EndGlobalSection
	GlobalSection(SolutionProperties) = preSolution
		HideSolutionNode = FALSE
	EndGlobalSection
	GlobalSection(ExtensibilityGlobals) = postSolution
		SolutionGuid = {646172A5-F715-41AC-AD68-D7B42C01B12D}
	EndGlobalSection
EndGlobal
