
Microsoft Visual Studio Solution File, Format Version 12.00
# Visual Studio Version 16
VisualStudioVersion = 16.0.31105.61
MinimumVisualStudioVersion = 10.0.40219.1
Project("{FAE04EC0-301F-11D3-BF4B-00C04F79EFBC}") = "Exercise 9-5", "Exercise 9-5\Exercise 9-5.csproj", "{31ACAFDC-4CA4-49F1-81D7-E5CF946699A9}"
EndProject
Global
	GlobalSection(SolutionConfigurationPlatforms) = preSolution
		Debug|Any CPU = Debug|Any CPU
		Release|Any CPU = Release|Any CPU
	EndGlobalSection
	GlobalSection(ProjectConfigurationPlatforms) = postSolution
		{31ACAFDC-4CA4-49F1-81D7-E5CF946699A9}.Debug|Any CPU.ActiveCfg = Debug|Any CPU
		{31ACAFDC-4CA4-49F1-81D7-E5CF946699A9}.Debug|Any CPU.Build.0 = Debug|Any CPU
		{31ACAFDC-4CA4-49F1-81D7-E5CF946699A9}.Release|Any CPU.ActiveCfg = Release|Any CPU
		{31ACAFDC-4CA4-49F1-81D7-E5CF946699A9}.Release|Any CPU.Build.0 = Release|Any CPU
	EndGlobalSection
	GlobalSection(SolutionProperties) = preSolution
		HideSolutionNode = FALSE
	EndGlobalSection
	GlobalSection(ExtensibilityGlobals) = postSolution
		SolutionGuid = {4E8C2E94-5CF9-410C-9D44-7128AA3F6994}
	EndGlobalSection
EndGlobal
