
Microsoft Visual Studio Solution File, Format Version 12.00
# Visual Studio Version 16
VisualStudioVersion = 16.0.31105.61
MinimumVisualStudioVersion = 10.0.40219.1
Project("{FAE04EC0-301F-11D3-BF4B-00C04F79EFBC}") = "Exercise 8-5", "Exercise 8-5\Exercise 8-5.csproj", "{F687F719-023A-41C1-A858-9AAB91E646BC}"
EndProject
Global
	GlobalSection(SolutionConfigurationPlatforms) = preSolution
		Debug|Any CPU = Debug|Any CPU
		Release|Any CPU = Release|Any CPU
	EndGlobalSection
	GlobalSection(ProjectConfigurationPlatforms) = postSolution
		{F687F719-023A-41C1-A858-9AAB91E646BC}.Debug|Any CPU.ActiveCfg = Debug|Any CPU
		{F687F719-023A-41C1-A858-9AAB91E646BC}.Debug|Any CPU.Build.0 = Debug|Any CPU
		{F687F719-023A-41C1-A858-9AAB91E646BC}.Release|Any CPU.ActiveCfg = Release|Any CPU
		{F687F719-023A-41C1-A858-9AAB91E646BC}.Release|Any CPU.Build.0 = Release|Any CPU
	EndGlobalSection
	GlobalSection(SolutionProperties) = preSolution
		HideSolutionNode = FALSE
	EndGlobalSection
	GlobalSection(ExtensibilityGlobals) = postSolution
		SolutionGuid = {8D8DF617-D7E7-4CC9-A8EE-6EF099495D0C}
	EndGlobalSection
EndGlobal
