
Microsoft Visual Studio Solution File, Format Version 12.00
# Visual Studio Version 16
VisualStudioVersion = 16.0.31105.61
MinimumVisualStudioVersion = 10.0.40219.1
Project("{FAE04EC0-301F-11D3-BF4B-00C04F79EFBC}") = "Exercise 2-17", "Exercise 2-17\Exercise 2-17.csproj", "{CDFA337A-C4A7-4C24-B92E-C5F53FFF794C}"
EndProject
Global
	GlobalSection(SolutionConfigurationPlatforms) = preSolution
		Debug|Any CPU = Debug|Any CPU
		Release|Any CPU = Release|Any CPU
	EndGlobalSection
	GlobalSection(ProjectConfigurationPlatforms) = postSolution
		{CDFA337A-C4A7-4C24-B92E-C5F53FFF794C}.Debug|Any CPU.ActiveCfg = Debug|Any CPU
		{CDFA337A-C4A7-4C24-B92E-C5F53FFF794C}.Debug|Any CPU.Build.0 = Debug|Any CPU
		{CDFA337A-C4A7-4C24-B92E-C5F53FFF794C}.Release|Any CPU.ActiveCfg = Release|Any CPU
		{CDFA337A-C4A7-4C24-B92E-C5F53FFF794C}.Release|Any CPU.Build.0 = Release|Any CPU
	EndGlobalSection
	GlobalSection(SolutionProperties) = preSolution
		HideSolutionNode = FALSE
	EndGlobalSection
	GlobalSection(ExtensibilityGlobals) = postSolution
		SolutionGuid = {77193E16-FD30-4EE2-81F4-29FB9B1E3A66}
	EndGlobalSection
EndGlobal
