
Microsoft Visual Studio Solution File, Format Version 12.00
# Visual Studio Version 16
VisualStudioVersion = 16.0.31105.61
MinimumVisualStudioVersion = 10.0.40219.1
Project("{FAE04EC0-301F-11D3-BF4B-00C04F79EFBC}") = "Exercise 9-3", "Exercise 9-3\Exercise 9-3.csproj", "{13426C9F-2905-4F27-A24E-E98D1B007E2A}"
EndProject
Global
	GlobalSection(SolutionConfigurationPlatforms) = preSolution
		Debug|Any CPU = Debug|Any CPU
		Release|Any CPU = Release|Any CPU
	EndGlobalSection
	GlobalSection(ProjectConfigurationPlatforms) = postSolution
		{13426C9F-2905-4F27-A24E-E98D1B007E2A}.Debug|Any CPU.ActiveCfg = Debug|Any CPU
		{13426C9F-2905-4F27-A24E-E98D1B007E2A}.Debug|Any CPU.Build.0 = Debug|Any CPU
		{13426C9F-2905-4F27-A24E-E98D1B007E2A}.Release|Any CPU.ActiveCfg = Release|Any CPU
		{13426C9F-2905-4F27-A24E-E98D1B007E2A}.Release|Any CPU.Build.0 = Release|Any CPU
	EndGlobalSection
	GlobalSection(SolutionProperties) = preSolution
		HideSolutionNode = FALSE
	EndGlobalSection
	GlobalSection(ExtensibilityGlobals) = postSolution
		SolutionGuid = {135BC2BA-2262-4FC7-B494-47B37D528EAC}
	EndGlobalSection
EndGlobal
