
Microsoft Visual Studio Solution File, Format Version 12.00
# Visual Studio Version 16
VisualStudioVersion = 16.0.31105.61
MinimumVisualStudioVersion = 10.0.40219.1
Project("{FAE04EC0-301F-11D3-BF4B-00C04F79EFBC}") = "Exercise 10-6", "Exercise 10-6\Exercise 10-6.csproj", "{022F0D56-5E55-4EF0-BA4F-B8AEE9B50F8E}"
EndProject
Global
	GlobalSection(SolutionConfigurationPlatforms) = preSolution
		Debug|Any CPU = Debug|Any CPU
		Release|Any CPU = Release|Any CPU
	EndGlobalSection
	GlobalSection(ProjectConfigurationPlatforms) = postSolution
		{022F0D56-5E55-4EF0-BA4F-B8AEE9B50F8E}.Debug|Any CPU.ActiveCfg = Debug|Any CPU
		{022F0D56-5E55-4EF0-BA4F-B8AEE9B50F8E}.Debug|Any CPU.Build.0 = Debug|Any CPU
		{022F0D56-5E55-4EF0-BA4F-B8AEE9B50F8E}.Release|Any CPU.ActiveCfg = Release|Any CPU
		{022F0D56-5E55-4EF0-BA4F-B8AEE9B50F8E}.Release|Any CPU.Build.0 = Release|Any CPU
	EndGlobalSection
	GlobalSection(SolutionProperties) = preSolution
		HideSolutionNode = FALSE
	EndGlobalSection
	GlobalSection(ExtensibilityGlobals) = postSolution
		SolutionGuid = {D2DDA486-B88A-4305-B182-F835134B83A1}
	EndGlobalSection
EndGlobal
