
Microsoft Visual Studio Solution File, Format Version 12.00
# Visual Studio Version 16
VisualStudioVersion = 16.0.31105.61
MinimumVisualStudioVersion = 10.0.40219.1
Project("{FAE04EC0-301F-11D3-BF4B-00C04F79EFBC}") = "Exercise 6-3", "Exercise 6-3\Exercise 6-3.csproj", "{B7AA6220-7644-444A-9DF6-2A5B36B9DFE8}"
EndProject
Global
	GlobalSection(SolutionConfigurationPlatforms) = preSolution
		Debug|Any CPU = Debug|Any CPU
		Release|Any CPU = Release|Any CPU
	EndGlobalSection
	GlobalSection(ProjectConfigurationPlatforms) = postSolution
		{B7AA6220-7644-444A-9DF6-2A5B36B9DFE8}.Debug|Any CPU.ActiveCfg = Debug|Any CPU
		{B7AA6220-7644-444A-9DF6-2A5B36B9DFE8}.Debug|Any CPU.Build.0 = Debug|Any CPU
		{B7AA6220-7644-444A-9DF6-2A5B36B9DFE8}.Release|Any CPU.ActiveCfg = Release|Any CPU
		{B7AA6220-7644-444A-9DF6-2A5B36B9DFE8}.Release|Any CPU.Build.0 = Release|Any CPU
	EndGlobalSection
	GlobalSection(SolutionProperties) = preSolution
		HideSolutionNode = FALSE
	EndGlobalSection
	GlobalSection(ExtensibilityGlobals) = postSolution
		SolutionGuid = {F7117D90-40BC-40A4-A473-4991915E3F02}
	EndGlobalSection
EndGlobal
