
Microsoft Visual Studio Solution File, Format Version 12.00
# Visual Studio Version 16
VisualStudioVersion = 16.0.31105.61
MinimumVisualStudioVersion = 10.0.40219.1
Project("{FAE04EC0-301F-11D3-BF4B-00C04F79EFBC}") = "Exercise 5-7", "Exercise 5-7\Exercise 5-7.csproj", "{F2111273-795B-4237-AC92-25AA9D4ECF3E}"
EndProject
Global
	GlobalSection(SolutionConfigurationPlatforms) = preSolution
		Debug|Any CPU = Debug|Any CPU
		Release|Any CPU = Release|Any CPU
	EndGlobalSection
	GlobalSection(ProjectConfigurationPlatforms) = postSolution
		{F2111273-795B-4237-AC92-25AA9D4ECF3E}.Debug|Any CPU.ActiveCfg = Debug|Any CPU
		{F2111273-795B-4237-AC92-25AA9D4ECF3E}.Debug|Any CPU.Build.0 = Debug|Any CPU
		{F2111273-795B-4237-AC92-25AA9D4ECF3E}.Release|Any CPU.ActiveCfg = Release|Any CPU
		{F2111273-795B-4237-AC92-25AA9D4ECF3E}.Release|Any CPU.Build.0 = Release|Any CPU
	EndGlobalSection
	GlobalSection(SolutionProperties) = preSolution
		HideSolutionNode = FALSE
	EndGlobalSection
	GlobalSection(ExtensibilityGlobals) = postSolution
		SolutionGuid = {C865F1CF-9644-40BF-B766-04CEA3D7B62A}
	EndGlobalSection
EndGlobal
