
Microsoft Visual Studio Solution File, Format Version 12.00
# Visual Studio Version 16
VisualStudioVersion = 16.0.31105.61
MinimumVisualStudioVersion = 10.0.40219.1
Project("{FAE04EC0-301F-11D3-BF4B-00C04F79EFBC}") = "Exercise 4-2", "Exercise 4-2\Exercise 4-2.csproj", "{004B7AED-893A-4287-B509-005842861FB6}"
EndProject
Global
	GlobalSection(SolutionConfigurationPlatforms) = preSolution
		Debug|Any CPU = Debug|Any CPU
		Release|Any CPU = Release|Any CPU
	EndGlobalSection
	GlobalSection(ProjectConfigurationPlatforms) = postSolution
		{004B7AED-893A-4287-B509-005842861FB6}.Debug|Any CPU.ActiveCfg = Debug|Any CPU
		{004B7AED-893A-4287-B509-005842861FB6}.Debug|Any CPU.Build.0 = Debug|Any CPU
		{004B7AED-893A-4287-B509-005842861FB6}.Release|Any CPU.ActiveCfg = Release|Any CPU
		{004B7AED-893A-4287-B509-005842861FB6}.Release|Any CPU.Build.0 = Release|Any CPU
	EndGlobalSection
	GlobalSection(SolutionProperties) = preSolution
		HideSolutionNode = FALSE
	EndGlobalSection
	GlobalSection(ExtensibilityGlobals) = postSolution
		SolutionGuid = {8DE5FFA0-B5A3-407A-BCD6-D285AE636A03}
	EndGlobalSection
EndGlobal
