
Microsoft Visual Studio Solution File, Format Version 12.00
# Visual Studio Version 16
VisualStudioVersion = 16.0.31105.61
MinimumVisualStudioVersion = 10.0.40219.1
Project("{FAE04EC0-301F-11D3-BF4B-00C04F79EFBC}") = "Exercise 11-1", "Exercise 11-1\Exercise 11-1.csproj", "{8507A330-7D42-4023-B77A-6D588EA67707}"
EndProject
Global
	GlobalSection(SolutionConfigurationPlatforms) = preSolution
		Debug|Any CPU = Debug|Any CPU
		Release|Any CPU = Release|Any CPU
	EndGlobalSection
	GlobalSection(ProjectConfigurationPlatforms) = postSolution
		{8507A330-7D42-4023-B77A-6D588EA67707}.Debug|Any CPU.ActiveCfg = Debug|Any CPU
		{8507A330-7D42-4023-B77A-6D588EA67707}.Debug|Any CPU.Build.0 = Debug|Any CPU
		{8507A330-7D42-4023-B77A-6D588EA67707}.Release|Any CPU.ActiveCfg = Release|Any CPU
		{8507A330-7D42-4023-B77A-6D588EA67707}.Release|Any CPU.Build.0 = Release|Any CPU
	EndGlobalSection
	GlobalSection(SolutionProperties) = preSolution
		HideSolutionNode = FALSE
	EndGlobalSection
	GlobalSection(ExtensibilityGlobals) = postSolution
		SolutionGuid = {F7426A4C-5852-407C-BA8C-5B24E0C605A7}
	EndGlobalSection
EndGlobal
