
Microsoft Visual Studio Solution File, Format Version 12.00
# Visual Studio Version 16
VisualStudioVersion = 16.0.31105.61
MinimumVisualStudioVersion = 10.0.40219.1
Project("{FAE04EC0-301F-11D3-BF4B-00C04F79EFBC}") = "Exercise 9-1", "Exercise 9-1\Exercise 9-1.csproj", "{FB372644-9012-48DE-AA42-335A8902E437}"
EndProject
Global
	GlobalSection(SolutionConfigurationPlatforms) = preSolution
		Debug|Any CPU = Debug|Any CPU
		Release|Any CPU = Release|Any CPU
	EndGlobalSection
	GlobalSection(ProjectConfigurationPlatforms) = postSolution
		{FB372644-9012-48DE-AA42-335A8902E437}.Debug|Any CPU.ActiveCfg = Debug|Any CPU
		{FB372644-9012-48DE-AA42-335A8902E437}.Debug|Any CPU.Build.0 = Debug|Any CPU
		{FB372644-9012-48DE-AA42-335A8902E437}.Release|Any CPU.ActiveCfg = Release|Any CPU
		{FB372644-9012-48DE-AA42-335A8902E437}.Release|Any CPU.Build.0 = Release|Any CPU
	EndGlobalSection
	GlobalSection(SolutionProperties) = preSolution
		HideSolutionNode = FALSE
	EndGlobalSection
	GlobalSection(ExtensibilityGlobals) = postSolution
		SolutionGuid = {EBEE1240-4C8F-4241-8BAC-DFA15F02AF77}
	EndGlobalSection
EndGlobal
