
Microsoft Visual Studio Solution File, Format Version 12.00
# Visual Studio Version 16
VisualStudioVersion = 16.0.31105.61
MinimumVisualStudioVersion = 10.0.40219.1
Project("{FAE04EC0-301F-11D3-BF4B-00C04F79EFBC}") = "Exercise 6-4", "Exercise 6-4\Exercise 6-4.csproj", "{DFEF845A-5EAF-4FBF-8DFF-D797A45DA67A}"
EndProject
Global
	GlobalSection(SolutionConfigurationPlatforms) = preSolution
		Debug|Any CPU = Debug|Any CPU
		Release|Any CPU = Release|Any CPU
	EndGlobalSection
	GlobalSection(ProjectConfigurationPlatforms) = postSolution
		{DFEF845A-5EAF-4FBF-8DFF-D797A45DA67A}.Debug|Any CPU.ActiveCfg = Debug|Any CPU
		{DFEF845A-5EAF-4FBF-8DFF-D797A45DA67A}.Debug|Any CPU.Build.0 = Debug|Any CPU
		{DFEF845A-5EAF-4FBF-8DFF-D797A45DA67A}.Release|Any CPU.ActiveCfg = Release|Any CPU
		{DFEF845A-5EAF-4FBF-8DFF-D797A45DA67A}.Release|Any CPU.Build.0 = Release|Any CPU
	EndGlobalSection
	GlobalSection(SolutionProperties) = preSolution
		HideSolutionNode = FALSE
	EndGlobalSection
	GlobalSection(ExtensibilityGlobals) = postSolution
		SolutionGuid = {EDE16EF9-267A-49DD-A284-BC11055C1AD6}
	EndGlobalSection
EndGlobal
