
Microsoft Visual Studio Solution File, Format Version 12.00
# Visual Studio Version 16
VisualStudioVersion = 16.0.31105.61
MinimumVisualStudioVersion = 10.0.40219.1
Project("{FAE04EC0-301F-11D3-BF4B-00C04F79EFBC}") = "Exercise 5-10", "Exercise 5-10\Exercise 5-10.csproj", "{ABD5C906-3ACD-41AE-9254-6523034905A7}"
EndProject
Global
	GlobalSection(SolutionConfigurationPlatforms) = preSolution
		Debug|Any CPU = Debug|Any CPU
		Release|Any CPU = Release|Any CPU
	EndGlobalSection
	GlobalSection(ProjectConfigurationPlatforms) = postSolution
		{ABD5C906-3ACD-41AE-9254-6523034905A7}.Debug|Any CPU.ActiveCfg = Debug|Any CPU
		{ABD5C906-3ACD-41AE-9254-6523034905A7}.Debug|Any CPU.Build.0 = Debug|Any CPU
		{ABD5C906-3ACD-41AE-9254-6523034905A7}.Release|Any CPU.ActiveCfg = Release|Any CPU
		{ABD5C906-3ACD-41AE-9254-6523034905A7}.Release|Any CPU.Build.0 = Release|Any CPU
	EndGlobalSection
	GlobalSection(SolutionProperties) = preSolution
		HideSolutionNode = FALSE
	EndGlobalSection
	GlobalSection(ExtensibilityGlobals) = postSolution
		SolutionGuid = {7EEB7A68-0793-443B-939B-E95D31A3CCE0}
	EndGlobalSection
EndGlobal
