
Microsoft Visual Studio Solution File, Format Version 12.00
# Visual Studio Version 16
VisualStudioVersion = 16.0.31105.61
MinimumVisualStudioVersion = 10.0.40219.1
Project("{FAE04EC0-301F-11D3-BF4B-00C04F79EFBC}") = "Exercise 6-2", "Exercise 6-2\Exercise 6-2.csproj", "{F982B779-D017-49FE-BB2B-51B261D66DE0}"
EndProject
Global
	GlobalSection(SolutionConfigurationPlatforms) = preSolution
		Debug|Any CPU = Debug|Any CPU
		Release|Any CPU = Release|Any CPU
	EndGlobalSection
	GlobalSection(ProjectConfigurationPlatforms) = postSolution
		{F982B779-D017-49FE-BB2B-51B261D66DE0}.Debug|Any CPU.ActiveCfg = Debug|Any CPU
		{F982B779-D017-49FE-BB2B-51B261D66DE0}.Debug|Any CPU.Build.0 = Debug|Any CPU
		{F982B779-D017-49FE-BB2B-51B261D66DE0}.Release|Any CPU.ActiveCfg = Release|Any CPU
		{F982B779-D017-49FE-BB2B-51B261D66DE0}.Release|Any CPU.Build.0 = Release|Any CPU
	EndGlobalSection
	GlobalSection(SolutionProperties) = preSolution
		HideSolutionNode = FALSE
	EndGlobalSection
	GlobalSection(ExtensibilityGlobals) = postSolution
		SolutionGuid = {A2434377-17AC-4826-82C1-F2E650ADE927}
	EndGlobalSection
EndGlobal
