
Microsoft Visual Studio Solution File, Format Version 12.00
# Visual Studio Version 16
VisualStudioVersion = 16.0.31105.61
MinimumVisualStudioVersion = 10.0.40219.1
Project("{FAE04EC0-301F-11D3-BF4B-00C04F79EFBC}") = "Exercise 5-8", "Exercise 5-8\Exercise 5-8.csproj", "{AC50A74F-8078-425C-B3F5-7B8ED68601D5}"
EndProject
Global
	GlobalSection(SolutionConfigurationPlatforms) = preSolution
		Debug|Any CPU = Debug|Any CPU
		Release|Any CPU = Release|Any CPU
	EndGlobalSection
	GlobalSection(ProjectConfigurationPlatforms) = postSolution
		{AC50A74F-8078-425C-B3F5-7B8ED68601D5}.Debug|Any CPU.ActiveCfg = Debug|Any CPU
		{AC50A74F-8078-425C-B3F5-7B8ED68601D5}.Debug|Any CPU.Build.0 = Debug|Any CPU
		{AC50A74F-8078-425C-B3F5-7B8ED68601D5}.Release|Any CPU.ActiveCfg = Release|Any CPU
		{AC50A74F-8078-425C-B3F5-7B8ED68601D5}.Release|Any CPU.Build.0 = Release|Any CPU
	EndGlobalSection
	GlobalSection(SolutionProperties) = preSolution
		HideSolutionNode = FALSE
	EndGlobalSection
	GlobalSection(ExtensibilityGlobals) = postSolution
		SolutionGuid = {29C1CA5B-26AE-4562-B785-8B9FFBA9A2A9}
	EndGlobalSection
EndGlobal
