
Microsoft Visual Studio Solution File, Format Version 12.00
# Visual Studio Version 16
VisualStudioVersion = 16.0.31105.61
MinimumVisualStudioVersion = 10.0.40219.1
Project("{FAE04EC0-301F-11D3-BF4B-00C04F79EFBC}") = "Exercise 10-3B", "Exercise 10-3B\Exercise 10-3B.csproj", "{C97771B9-FB11-4C59-B4B8-F5181DE65123}"
EndProject
Global
	GlobalSection(SolutionConfigurationPlatforms) = preSolution
		Debug|Any CPU = Debug|Any CPU
		Release|Any CPU = Release|Any CPU
	EndGlobalSection
	GlobalSection(ProjectConfigurationPlatforms) = postSolution
		{C97771B9-FB11-4C59-B4B8-F5181DE65123}.Debug|Any CPU.ActiveCfg = Debug|Any CPU
		{C97771B9-FB11-4C59-B4B8-F5181DE65123}.Debug|Any CPU.Build.0 = Debug|Any CPU
		{C97771B9-FB11-4C59-B4B8-F5181DE65123}.Release|Any CPU.ActiveCfg = Release|Any CPU
		{C97771B9-FB11-4C59-B4B8-F5181DE65123}.Release|Any CPU.Build.0 = Release|Any CPU
	EndGlobalSection
	GlobalSection(SolutionProperties) = preSolution
		HideSolutionNode = FALSE
	EndGlobalSection
	GlobalSection(ExtensibilityGlobals) = postSolution
		SolutionGuid = {4A59D44A-6936-4119-975F-AB53143BB071}
	EndGlobalSection
EndGlobal
