
Microsoft Visual Studio Solution File, Format Version 12.00
# Visual Studio Version 16
VisualStudioVersion = 16.0.31105.61
MinimumVisualStudioVersion = 10.0.40219.1
Project("{FAE04EC0-301F-11D3-BF4B-00C04F79EFBC}") = "Exercise 2-8", "Exercise 2-8\Exercise 2-8.csproj", "{980D22BE-A788-4C98-A08C-39331B0A0B65}"
EndProject
Global
	GlobalSection(SolutionConfigurationPlatforms) = preSolution
		Debug|Any CPU = Debug|Any CPU
		Release|Any CPU = Release|Any CPU
	EndGlobalSection
	GlobalSection(ProjectConfigurationPlatforms) = postSolution
		{980D22BE-A788-4C98-A08C-39331B0A0B65}.Debug|Any CPU.ActiveCfg = Debug|Any CPU
		{980D22BE-A788-4C98-A08C-39331B0A0B65}.Debug|Any CPU.Build.0 = Debug|Any CPU
		{980D22BE-A788-4C98-A08C-39331B0A0B65}.Release|Any CPU.ActiveCfg = Release|Any CPU
		{980D22BE-A788-4C98-A08C-39331B0A0B65}.Release|Any CPU.Build.0 = Release|Any CPU
	EndGlobalSection
	GlobalSection(SolutionProperties) = preSolution
		HideSolutionNode = FALSE
	EndGlobalSection
	GlobalSection(ExtensibilityGlobals) = postSolution
		SolutionGuid = {4EA41AC5-36F4-4F4B-B6D6-BEAAE2B25E93}
	EndGlobalSection
EndGlobal
