
Microsoft Visual Studio Solution File, Format Version 12.00
# Visual Studio Version 16
VisualStudioVersion = 16.0.31105.61
MinimumVisualStudioVersion = 10.0.40219.1
Project("{FAE04EC0-301F-11D3-BF4B-00C04F79EFBC}") = "Exercise 10-3C", "Exercise 10-3C\Exercise 10-3C.csproj", "{02850B33-B13A-4BE2-9D2F-7F9FCF84FB09}"
EndProject
Global
	GlobalSection(SolutionConfigurationPlatforms) = preSolution
		Debug|Any CPU = Debug|Any CPU
		Release|Any CPU = Release|Any CPU
	EndGlobalSection
	GlobalSection(ProjectConfigurationPlatforms) = postSolution
		{02850B33-B13A-4BE2-9D2F-7F9FCF84FB09}.Debug|Any CPU.ActiveCfg = Debug|Any CPU
		{02850B33-B13A-4BE2-9D2F-7F9FCF84FB09}.Debug|Any CPU.Build.0 = Debug|Any CPU
		{02850B33-B13A-4BE2-9D2F-7F9FCF84FB09}.Release|Any CPU.ActiveCfg = Release|Any CPU
		{02850B33-B13A-4BE2-9D2F-7F9FCF84FB09}.Release|Any CPU.Build.0 = Release|Any CPU
	EndGlobalSection
	GlobalSection(SolutionProperties) = preSolution
		HideSolutionNode = FALSE
	EndGlobalSection
	GlobalSection(ExtensibilityGlobals) = postSolution
		SolutionGuid = {0E674539-42C4-4551-B8E3-BF75332F6737}
	EndGlobalSection
EndGlobal
