
Microsoft Visual Studio Solution File, Format Version 12.00
# Visual Studio Version 16
VisualStudioVersion = 16.0.31105.61
MinimumVisualStudioVersion = 10.0.40219.1
Project("{FAE04EC0-301F-11D3-BF4B-00C04F79EFBC}") = "Exercise 2-6", "Exercise 2-6\Exercise 2-6.csproj", "{8E51125C-2238-4500-8BE6-0028EA7D67C3}"
EndProject
Global
	GlobalSection(SolutionConfigurationPlatforms) = preSolution
		Debug|Any CPU = Debug|Any CPU
		Release|Any CPU = Release|Any CPU
	EndGlobalSection
	GlobalSection(ProjectConfigurationPlatforms) = postSolution
		{8E51125C-2238-4500-8BE6-0028EA7D67C3}.Debug|Any CPU.ActiveCfg = Debug|Any CPU
		{8E51125C-2238-4500-8BE6-0028EA7D67C3}.Debug|Any CPU.Build.0 = Debug|Any CPU
		{8E51125C-2238-4500-8BE6-0028EA7D67C3}.Release|Any CPU.ActiveCfg = Release|Any CPU
		{8E51125C-2238-4500-8BE6-0028EA7D67C3}.Release|Any CPU.Build.0 = Release|Any CPU
	EndGlobalSection
	GlobalSection(SolutionProperties) = preSolution
		HideSolutionNode = FALSE
	EndGlobalSection
	GlobalSection(ExtensibilityGlobals) = postSolution
		SolutionGuid = {8A71DF53-ED15-4315-A7B4-28FF3C1FA19D}
	EndGlobalSection
EndGlobal
