
Microsoft Visual Studio Solution File, Format Version 12.00
# Visual Studio Version 16
VisualStudioVersion = 16.0.31105.61
MinimumVisualStudioVersion = 10.0.40219.1
Project("{FAE04EC0-301F-11D3-BF4B-00C04F79EFBC}") = "Exercise 10-3D", "Exercise 10-3D\Exercise 10-3D.csproj", "{93B44EA0-8DCA-415B-B713-86C76FFFAFDB}"
EndProject
Global
	GlobalSection(SolutionConfigurationPlatforms) = preSolution
		Debug|Any CPU = Debug|Any CPU
		Release|Any CPU = Release|Any CPU
	EndGlobalSection
	GlobalSection(ProjectConfigurationPlatforms) = postSolution
		{93B44EA0-8DCA-415B-B713-86C76FFFAFDB}.Debug|Any CPU.ActiveCfg = Debug|Any CPU
		{93B44EA0-8DCA-415B-B713-86C76FFFAFDB}.Debug|Any CPU.Build.0 = Debug|Any CPU
		{93B44EA0-8DCA-415B-B713-86C76FFFAFDB}.Release|Any CPU.ActiveCfg = Release|Any CPU
		{93B44EA0-8DCA-415B-B713-86C76FFFAFDB}.Release|Any CPU.Build.0 = Release|Any CPU
	EndGlobalSection
	GlobalSection(SolutionProperties) = preSolution
		HideSolutionNode = FALSE
	EndGlobalSection
	GlobalSection(ExtensibilityGlobals) = postSolution
		SolutionGuid = {098ADCEE-3AE8-4516-A161-5E3ED3C32934}
	EndGlobalSection
EndGlobal
