
Microsoft Visual Studio Solution File, Format Version 12.00
# Visual Studio Version 16
VisualStudioVersion = 16.0.31105.61
MinimumVisualStudioVersion = 10.0.40219.1
Project("{FAE04EC0-301F-11D3-BF4B-00C04F79EFBC}") = "Exercise 2-5", "Exercise 2-5\Exercise 2-5.csproj", "{D9E7F4A6-FAB2-4259-ACFE-BCA17AF68660}"
EndProject
Global
	GlobalSection(SolutionConfigurationPlatforms) = preSolution
		Debug|Any CPU = Debug|Any CPU
		Release|Any CPU = Release|Any CPU
	EndGlobalSection
	GlobalSection(ProjectConfigurationPlatforms) = postSolution
		{D9E7F4A6-FAB2-4259-ACFE-BCA17AF68660}.Debug|Any CPU.ActiveCfg = Debug|Any CPU
		{D9E7F4A6-FAB2-4259-ACFE-BCA17AF68660}.Debug|Any CPU.Build.0 = Debug|Any CPU
		{D9E7F4A6-FAB2-4259-ACFE-BCA17AF68660}.Release|Any CPU.ActiveCfg = Release|Any CPU
		{D9E7F4A6-FAB2-4259-ACFE-BCA17AF68660}.Release|Any CPU.Build.0 = Release|Any CPU
	EndGlobalSection
	GlobalSection(SolutionProperties) = preSolution
		HideSolutionNode = FALSE
	EndGlobalSection
	GlobalSection(ExtensibilityGlobals) = postSolution
		SolutionGuid = {B98A34AC-2609-4B94-9DD3-9DF9E04DA7F6}
	EndGlobalSection
EndGlobal
