
Microsoft Visual Studio Solution File, Format Version 12.00
# Visual Studio Version 16
VisualStudioVersion = 16.0.31105.61
MinimumVisualStudioVersion = 10.0.40219.1
Project("{FAE04EC0-301F-11D3-BF4B-00C04F79EFBC}") = "Exercise 8-3", "Exercise 8-3\Exercise 8-3.csproj", "{FC193847-0EBC-4EC8-8C99-39D6900D9AB2}"
EndProject
Global
	GlobalSection(SolutionConfigurationPlatforms) = preSolution
		Debug|Any CPU = Debug|Any CPU
		Release|Any CPU = Release|Any CPU
	EndGlobalSection
	GlobalSection(ProjectConfigurationPlatforms) = postSolution
		{FC193847-0EBC-4EC8-8C99-39D6900D9AB2}.Debug|Any CPU.ActiveCfg = Debug|Any CPU
		{FC193847-0EBC-4EC8-8C99-39D6900D9AB2}.Debug|Any CPU.Build.0 = Debug|Any CPU
		{FC193847-0EBC-4EC8-8C99-39D6900D9AB2}.Release|Any CPU.ActiveCfg = Release|Any CPU
		{FC193847-0EBC-4EC8-8C99-39D6900D9AB2}.Release|Any CPU.Build.0 = Release|Any CPU
	EndGlobalSection
	GlobalSection(SolutionProperties) = preSolution
		HideSolutionNode = FALSE
	EndGlobalSection
	GlobalSection(ExtensibilityGlobals) = postSolution
		SolutionGuid = {19BB744A-A49E-47D5-AC9E-0EB22D7F67BA}
	EndGlobalSection
EndGlobal
