
Microsoft Visual Studio Solution File, Format Version 12.00
# Visual Studio Version 16
VisualStudioVersion = 16.0.31105.61
MinimumVisualStudioVersion = 10.0.40219.1
Project("{FAE04EC0-301F-11D3-BF4B-00C04F79EFBC}") = "Exercise 4-1", "Exercise 4-1\Exercise 4-1.csproj", "{49C78423-D8A1-4664-AABD-DA7B7FE11554}"
EndProject
Global
	GlobalSection(SolutionConfigurationPlatforms) = preSolution
		Debug|Any CPU = Debug|Any CPU
		Release|Any CPU = Release|Any CPU
	EndGlobalSection
	GlobalSection(ProjectConfigurationPlatforms) = postSolution
		{49C78423-D8A1-4664-AABD-DA7B7FE11554}.Debug|Any CPU.ActiveCfg = Debug|Any CPU
		{49C78423-D8A1-4664-AABD-DA7B7FE11554}.Debug|Any CPU.Build.0 = Debug|Any CPU
		{49C78423-D8A1-4664-AABD-DA7B7FE11554}.Release|Any CPU.ActiveCfg = Release|Any CPU
		{49C78423-D8A1-4664-AABD-DA7B7FE11554}.Release|Any CPU.Build.0 = Release|Any CPU
	EndGlobalSection
	GlobalSection(SolutionProperties) = preSolution
		HideSolutionNode = FALSE
	EndGlobalSection
	GlobalSection(ExtensibilityGlobals) = postSolution
		SolutionGuid = {5D1DF227-C482-4BF9-9805-0EDBAC1A7405}
	EndGlobalSection
EndGlobal
